
Microsoft Visual Studio Solution File, Format Version 12.00
# Visual Studio Version 17
VisualStudioVersion = 17.4.33110.190
MinimumVisualStudioVersion = 10.0.40219.1
Project("{FAE04EC0-301F-11D3-BF4B-00C04F79EFBC}") = "JSON-XML_Parser", "JSON-XML_Parser\JSON-XML_Parser.csproj", "{8E7A4A31-DD82-49F3-B6E4-F5FE393944E9}"
EndProject
Global
	GlobalSection(SolutionConfigurationPlatforms) = preSolution
		Debug|Any CPU = Debug|Any CPU
		Release|Any CPU = Release|Any CPU
	EndGlobalSection
	GlobalSection(ProjectConfigurationPlatforms) = postSolution
		{8E7A4A31-DD82-49F3-B6E4-F5FE393944E9}.Debug|Any CPU.ActiveCfg = Debug|Any CPU
		{8E7A4A31-DD82-49F3-B6E4-F5FE393944E9}.Debug|Any CPU.Build.0 = Debug|Any CPU
		{8E7A4A31-DD82-49F3-B6E4-F5FE393944E9}.Release|Any CPU.ActiveCfg = Release|Any CPU
		{8E7A4A31-DD82-49F3-B6E4-F5FE393944E9}.Release|Any CPU.Build.0 = Release|Any CPU
	EndGlobalSection
	GlobalSection(SolutionProperties) = preSolution
		HideSolutionNode = FALSE
	EndGlobalSection
	GlobalSection(ExtensibilityGlobals) = postSolution
		SolutionGuid = {A46F8A74-23A2-42BF-AF99-D826C5D25844}
	EndGlobalSection
EndGlobal
